github.com/golang-jwt/jwt/v5 v5.0.0-rc.2 h1:hXPcSazn8wKOfSb9y2m1bdgUMlDxVDarxh3lJVbC6JE=
github.com/golang-jwt/jwt/v5 v5.0.0-rc.2/go.mod h1:pqrtFR0X4osieyHYxtmOUWsAWrfe1Q5UVIyoH402zdk=
github.com/spf13/pflag v1.0.5 h1:iy+VFUOCP1a+8yFto/drg2CJ5u0yRoB7fZw3DKv/JXA=
github.com/spf13/pflag v1.0.5/go.mod h1:McXfInJRrz4CZXVZOBLb0bTZqETkiAhM9Iw0y3An2Bg=
